
Microsoft Visual Studio Solution File, Format Version 12.00
# Visual Studio Version 17
VisualStudioVersion = 17.6.33712.159
MinimumVisualStudioVersion = 10.0.40219.1
Project("{8BC9CEB8-8B4A-11D0-8D11-00A0C91BC942}") = "Работа ООП-301. Пользовательские шаблоны", "Работа ООП-301. Пользовательские шаблоны\Работа ООП-301. Пользовательские шаблоны.vcxproj", "{85ECB955-DF1C-46A1-A9E5-AC16B61CD917}"
EndProject
Global
	GlobalSection(SolutionConfigurationPlatforms) = preSolution
		Debug|x64 = Debug|x64
		Debug|x86 = Debug|x86
		Release|x64 = Release|x64
		Release|x86 = Release|x86
	EndGlobalSection
	GlobalSection(ProjectConfigurationPlatforms) = postSolution
		{85ECB955-DF1C-46A1-A9E5-AC16B61CD917}.Debug|x64.ActiveCfg = Debug|x64
		{85ECB955-DF1C-46A1-A9E5-AC16B61CD917}.Debug|x64.Build.0 = Debug|x64
		{85ECB955-DF1C-46A1-A9E5-AC16B61CD917}.Debug|x86.ActiveCfg = Debug|Win32
		{85ECB955-DF1C-46A1-A9E5-AC16B61CD917}.Debug|x86.Build.0 = Debug|Win32
		{85ECB955-DF1C-46A1-A9E5-AC16B61CD917}.Release|x64.ActiveCfg = Release|x64
		{85ECB955-DF1C-46A1-A9E5-AC16B61CD917}.Release|x64.Build.0 = Release|x64
		{85ECB955-DF1C-46A1-A9E5-AC16B61CD917}.Release|x86.ActiveCfg = Release|Win32
		{85ECB955-DF1C-46A1-A9E5-AC16B61CD917}.Release|x86.Build.0 = Release|Win32
	EndGlobalSection
	GlobalSection(SolutionProperties) = preSolution
		HideSolutionNode = FALSE
	EndGlobalSection
	GlobalSection(ExtensibilityGlobals) = postSolution
		SolutionGuid = {58945FAC-DFC0-4785-9E13-084409E1A860}
	EndGlobalSection
EndGlobal
