
Microsoft Visual Studio Solution File, Format Version 12.00
# Visual Studio Version 17
VisualStudioVersion = 17.6.33712.159
MinimumVisualStudioVersion = 10.0.40219.1
Project("{8BC9CEB8-8B4A-11D0-8D11-00A0C91BC942}") = "Работа ООП-203. Абстрактные классы", "Работа ООП-203. Абстрактные классы\Работа ООП-203. Абстрактные классы.vcxproj", "{25F6E789-47D1-49C4-A98D-A3623113B0F0}"
EndProject
Global
	GlobalSection(SolutionConfigurationPlatforms) = preSolution
		Debug|x64 = Debug|x64
		Debug|x86 = Debug|x86
		Release|x64 = Release|x64
		Release|x86 = Release|x86
	EndGlobalSection
	GlobalSection(ProjectConfigurationPlatforms) = postSolution
		{25F6E789-47D1-49C4-A98D-A3623113B0F0}.Debug|x64.ActiveCfg = Debug|x64
		{25F6E789-47D1-49C4-A98D-A3623113B0F0}.Debug|x64.Build.0 = Debug|x64
		{25F6E789-47D1-49C4-A98D-A3623113B0F0}.Debug|x86.ActiveCfg = Debug|Win32
		{25F6E789-47D1-49C4-A98D-A3623113B0F0}.Debug|x86.Build.0 = Debug|Win32
		{25F6E789-47D1-49C4-A98D-A3623113B0F0}.Release|x64.ActiveCfg = Release|x64
		{25F6E789-47D1-49C4-A98D-A3623113B0F0}.Release|x64.Build.0 = Release|x64
		{25F6E789-47D1-49C4-A98D-A3623113B0F0}.Release|x86.ActiveCfg = Release|Win32
		{25F6E789-47D1-49C4-A98D-A3623113B0F0}.Release|x86.Build.0 = Release|Win32
	EndGlobalSection
	GlobalSection(SolutionProperties) = preSolution
		HideSolutionNode = FALSE
	EndGlobalSection
	GlobalSection(ExtensibilityGlobals) = postSolution
		SolutionGuid = {0D80503F-6FF0-4543-94AE-FCE35D57BE68}
	EndGlobalSection
EndGlobal
