
Microsoft Visual Studio Solution File, Format Version 12.00
# Visual Studio Version 16
VisualStudioVersion = 16.0.33214.272
MinimumVisualStudioVersion = 10.0.40219.1
Project("{8BC9CEB8-8B4A-11D0-8D11-00A0C91BC942}") = "06 ДЗ1 nat_class", "06 ДЗ1 nat_class\06 ДЗ1 nat_class.vcxproj", "{F6583A70-E011-4F08-9BF2-EEAC5EE14013}"
EndProject
Global
	GlobalSection(SolutionConfigurationPlatforms) = preSolution
		Debug|x64 = Debug|x64
		Debug|x86 = Debug|x86
		Release|x64 = Release|x64
		Release|x86 = Release|x86
	EndGlobalSection
	GlobalSection(ProjectConfigurationPlatforms) = postSolution
		{F6583A70-E011-4F08-9BF2-EEAC5EE14013}.Debug|x64.ActiveCfg = Debug|x64
		{F6583A70-E011-4F08-9BF2-EEAC5EE14013}.Debug|x64.Build.0 = Debug|x64
		{F6583A70-E011-4F08-9BF2-EEAC5EE14013}.Debug|x86.ActiveCfg = Debug|Win32
		{F6583A70-E011-4F08-9BF2-EEAC5EE14013}.Debug|x86.Build.0 = Debug|Win32
		{F6583A70-E011-4F08-9BF2-EEAC5EE14013}.Release|x64.ActiveCfg = Release|x64
		{F6583A70-E011-4F08-9BF2-EEAC5EE14013}.Release|x64.Build.0 = Release|x64
		{F6583A70-E011-4F08-9BF2-EEAC5EE14013}.Release|x86.ActiveCfg = Release|Win32
		{F6583A70-E011-4F08-9BF2-EEAC5EE14013}.Release|x86.Build.0 = Release|Win32
	EndGlobalSection
	GlobalSection(SolutionProperties) = preSolution
		HideSolutionNode = FALSE
	EndGlobalSection
	GlobalSection(ExtensibilityGlobals) = postSolution
		SolutionGuid = {45A6B8A8-11B3-42BB-A083-5A82117C33F6}
	EndGlobalSection
EndGlobal
